
Microsoft Visual Studio Solution File, Format Version 12.00
# Visual Studio Version 17
VisualStudioVersion = 17.9.34607.119
MinimumVisualStudioVersion = 10.0.40219.1
Project("{9A19103F-16F7-4668-BE54-9A1E7A4F7556}") = "EasyAssetManager.Base", "EasyAssetManager.Base\EasyAssetManager.Base.csproj", "{420A7FCD-BC20-462F-BAC2-A1B76E833CE5}"
EndProject
Project("{D954291E-2A0B-460D-934E-DC6B0785DB48}") = "EasyAssetManager.Share", "EasyAssetManager.Share\EasyAssetManager.Share.shproj", "{EA77AADE-223C-4457-A5F8-5A2D5CAE384B}"
EndProject
Project("{9A19103F-16F7-4668-BE54-9A1E7A4F7556}") = "Newtonsoft.Json", "..\Newtonsoft.Json\Src\Newtonsoft.Json\Newtonsoft.Json.csproj", "{7D88E692-BB55-4D7A-90BE-1A716DB9EEE6}"
EndProject
Project("{9A19103F-16F7-4668-BE54-9A1E7A4F7556}") = "EasyAssetManager.WPF", "EasyAssetManager.WPF\EasyAssetManager.WPF.csproj", "{E8EC2AAC-E885-4BA7-9D4C-5223529AD31C}"
EndProject
Project("{9A19103F-16F7-4668-BE54-9A1E7A4F7556}") = "EasyAssetManager.Core", "EasyAssetManager.Core\EasyAssetManager.Core.csproj", "{C204F4FB-D276-441E-8EB6-9419BED78B62}"
EndProject
Global
	GlobalSection(SolutionConfigurationPlatforms) = preSolution
		Debug|Any CPU = Debug|Any CPU
		Release|Any CPU = Release|Any CPU
	EndGlobalSection
	GlobalSection(ProjectConfigurationPlatforms) = postSolution
		{420A7FCD-BC20-462F-BAC2-A1B76E833CE5}.Debug|Any CPU.ActiveCfg = Debug|Any CPU
		{420A7FCD-BC20-462F-BAC2-A1B76E833CE5}.Debug|Any CPU.Build.0 = Debug|Any CPU
		{420A7FCD-BC20-462F-BAC2-A1B76E833CE5}.Release|Any CPU.ActiveCfg = Release|Any CPU
		{420A7FCD-BC20-462F-BAC2-A1B76E833CE5}.Release|Any CPU.Build.0 = Release|Any CPU
		{7D88E692-BB55-4D7A-90BE-1A716DB9EEE6}.Debug|Any CPU.ActiveCfg = Debug|Any CPU
		{7D88E692-BB55-4D7A-90BE-1A716DB9EEE6}.Debug|Any CPU.Build.0 = Debug|Any CPU
		{7D88E692-BB55-4D7A-90BE-1A716DB9EEE6}.Release|Any CPU.ActiveCfg = Release|Any CPU
		{7D88E692-BB55-4D7A-90BE-1A716DB9EEE6}.Release|Any CPU.Build.0 = Release|Any CPU
		{E8EC2AAC-E885-4BA7-9D4C-5223529AD31C}.Debug|Any CPU.ActiveCfg = Debug|Any CPU
		{E8EC2AAC-E885-4BA7-9D4C-5223529AD31C}.Debug|Any CPU.Build.0 = Debug|Any CPU
		{E8EC2AAC-E885-4BA7-9D4C-5223529AD31C}.Release|Any CPU.ActiveCfg = Release|Any CPU
		{E8EC2AAC-E885-4BA7-9D4C-5223529AD31C}.Release|Any CPU.Build.0 = Release|Any CPU
		{C204F4FB-D276-441E-8EB6-9419BED78B62}.Debug|Any CPU.ActiveCfg = Debug|Any CPU
		{C204F4FB-D276-441E-8EB6-9419BED78B62}.Debug|Any CPU.Build.0 = Debug|Any CPU
		{C204F4FB-D276-441E-8EB6-9419BED78B62}.Release|Any CPU.ActiveCfg = Release|Any CPU
		{C204F4FB-D276-441E-8EB6-9419BED78B62}.Release|Any CPU.Build.0 = Release|Any CPU
	EndGlobalSection
	GlobalSection(SolutionProperties) = preSolution
		HideSolutionNode = FALSE
	EndGlobalSection
	GlobalSection(ExtensibilityGlobals) = postSolution
		SolutionGuid = {20765C47-84DF-444B-BD4E-14A02A34AFC5}
	EndGlobalSection
	GlobalSection(SharedMSBuildProjectFiles) = preSolution
		EasyAssetManager.Share\EasyAssetManager.Share.projitems*{ea77aade-223c-4457-a5f8-5a2d5cae384b}*SharedItemsImports = 13
	EndGlobalSection
EndGlobal
